
Microsoft Visual Studio Solution File, Format Version 12.00
# Visual Studio Version 17
VisualStudioVersion = 17.5.002.0
MinimumVisualStudioVersion = 10.0.40219.1
Project("{9A19103F-16F7-4668-BE54-9A1E7A4F7556}") = "portfolio", "portfolio.csproj", "{728BAB0C-DFBB-45F7-B35B-5E1CFEE8E0FC}"
EndProject
Global
	GlobalSection(SolutionConfigurationPlatforms) = preSolution
		Debug|Any CPU = Debug|Any CPU
		Release|Any CPU = Release|Any CPU
	EndGlobalSection
	GlobalSection(ProjectConfigurationPlatforms) = postSolution
		{728BAB0C-DFBB-45F7-B35B-5E1CFEE8E0FC}.Debug|Any CPU.ActiveCfg = Debug|Any CPU
		{728BAB0C-DFBB-45F7-B35B-5E1CFEE8E0FC}.Debug|Any CPU.Build.0 = Debug|Any CPU
		{728BAB0C-DFBB-45F7-B35B-5E1CFEE8E0FC}.Release|Any CPU.ActiveCfg = Release|Any CPU
		{728BAB0C-DFBB-45F7-B35B-5E1CFEE8E0FC}.Release|Any CPU.Build.0 = Release|Any CPU
	EndGlobalSection
	GlobalSection(SolutionProperties) = preSolution
		HideSolutionNode = FALSE
	EndGlobalSection
	GlobalSection(ExtensibilityGlobals) = postSolution
		SolutionGuid = {BA97FB10-1366-4505-9FDE-F01777562A25}
	EndGlobalSection
EndGlobal
